
Microsoft Visual Studio Solution File, Format Version 11.00
# Visual Studio 2010
Project("{2150E333-8FDC-42A3-9474-1A3956D46DE8}") = "Pipeline", "Pipeline", "{3A67CCCC-2691-4028-A30E-90601F934FCC}"
EndProject
Project("{FAE04EC0-301F-11D3-BF4B-00C04F79EFBC}") = "BuildNGram", "Pipeline\BuildNGram\BuildNGram.csproj", "{12E0DF11-6589-4DFA-8596-62B1717D4197}"
EndProject
Project("{FAE04EC0-301F-11D3-BF4B-00C04F79EFBC}") = "BuildQueryTermWeightCorpus", "Pipeline\BuildQueryTermWeightCorpus\BuildQueryTermWeightCorpus.csproj", "{3DDF37AB-131D-4C5D-BE3A-E92E7160DAF8}"
EndProject
Project("{FAE04EC0-301F-11D3-BF4B-00C04F79EFBC}") = "StatTermWeightInQuery", "Pipeline\StatTermWeightInQuery\StatTermWeightInQuery.csproj", "{33A69F8D-E656-49CA-8292-7838B0D5FCED}"
EndProject
Project("{2150E333-8FDC-42A3-9474-1A3956D46DE8}") = "Core", "Core", "{430383C4-1D22-4936-AE9F-C9C561E03A1D}"
EndProject
Project("{FAE04EC0-301F-11D3-BF4B-00C04F79EFBC}") = "QueryTermWeightAnalyzer", "Core\QueryTermWeightAnalyzer\QueryTermWeightAnalyzer.csproj", "{19366E4F-52B9-4DFE-8EF5-CFC283E50BA1}"
EndProject
Project("{FAE04EC0-301F-11D3-BF4B-00C04F79EFBC}") = "QueryTermWeightAnalyzerConsole", "QueryTermWeightAnalyzerConsole\QueryTermWeightAnalyzerConsole.csproj", "{C2386AA8-A420-4376-8D35-93CBAD6E121D}"
EndProject
Project("{FAE04EC0-301F-11D3-BF4B-00C04F79EFBC}") = "TuningTermWeightThreshold", "Pipeline\TuningTermWeightThreshold\TuningTermWeightThreshold.csproj", "{7C95E725-95CF-4F17-81CF-0CC3543B8A84}"
EndProject
Global
	GlobalSection(SolutionConfigurationPlatforms) = preSolution
		Debug|Any CPU = Debug|Any CPU
		Debug|Mixed Platforms = Debug|Mixed Platforms
		Debug|x86 = Debug|x86
		Release|Any CPU = Release|Any CPU
		Release|Mixed Platforms = Release|Mixed Platforms
		Release|x86 = Release|x86
	EndGlobalSection
	GlobalSection(ProjectConfigurationPlatforms) = postSolution
		{12E0DF11-6589-4DFA-8596-62B1717D4197}.Debug|Any CPU.ActiveCfg = Debug|x86
		{12E0DF11-6589-4DFA-8596-62B1717D4197}.Debug|Mixed Platforms.ActiveCfg = Debug|x86
		{12E0DF11-6589-4DFA-8596-62B1717D4197}.Debug|Mixed Platforms.Build.0 = Debug|x86
		{12E0DF11-6589-4DFA-8596-62B1717D4197}.Debug|x86.ActiveCfg = Debug|x86
		{12E0DF11-6589-4DFA-8596-62B1717D4197}.Debug|x86.Build.0 = Debug|x86
		{12E0DF11-6589-4DFA-8596-62B1717D4197}.Release|Any CPU.ActiveCfg = Release|x86
		{12E0DF11-6589-4DFA-8596-62B1717D4197}.Release|Mixed Platforms.ActiveCfg = Release|x86
		{12E0DF11-6589-4DFA-8596-62B1717D4197}.Release|Mixed Platforms.Build.0 = Release|x86
		{12E0DF11-6589-4DFA-8596-62B1717D4197}.Release|x86.ActiveCfg = Release|x86
		{12E0DF11-6589-4DFA-8596-62B1717D4197}.Release|x86.Build.0 = Release|x86
		{3DDF37AB-131D-4C5D-BE3A-E92E7160DAF8}.Debug|Any CPU.ActiveCfg = Debug|x86
		{3DDF37AB-131D-4C5D-BE3A-E92E7160DAF8}.Debug|Mixed Platforms.ActiveCfg = Debug|x86
		{3DDF37AB-131D-4C5D-BE3A-E92E7160DAF8}.Debug|Mixed Platforms.Build.0 = Debug|x86
		{3DDF37AB-131D-4C5D-BE3A-E92E7160DAF8}.Debug|x86.ActiveCfg = Debug|x86
		{3DDF37AB-131D-4C5D-BE3A-E92E7160DAF8}.Debug|x86.Build.0 = Debug|x86
		{3DDF37AB-131D-4C5D-BE3A-E92E7160DAF8}.Release|Any CPU.ActiveCfg = Release|x86
		{3DDF37AB-131D-4C5D-BE3A-E92E7160DAF8}.Release|Mixed Platforms.ActiveCfg = Release|x86
		{3DDF37AB-131D-4C5D-BE3A-E92E7160DAF8}.Release|Mixed Platforms.Build.0 = Release|x86
		{3DDF37AB-131D-4C5D-BE3A-E92E7160DAF8}.Release|x86.ActiveCfg = Release|x86
		{3DDF37AB-131D-4C5D-BE3A-E92E7160DAF8}.Release|x86.Build.0 = Release|x86
		{33A69F8D-E656-49CA-8292-7838B0D5FCED}.Debug|Any CPU.ActiveCfg = Debug|x86
		{33A69F8D-E656-49CA-8292-7838B0D5FCED}.Debug|Mixed Platforms.ActiveCfg = Debug|x86
		{33A69F8D-E656-49CA-8292-7838B0D5FCED}.Debug|Mixed Platforms.Build.0 = Debug|x86
		{33A69F8D-E656-49CA-8292-7838B0D5FCED}.Debug|x86.ActiveCfg = Debug|x86
		{33A69F8D-E656-49CA-8292-7838B0D5FCED}.Debug|x86.Build.0 = Debug|x86
		{33A69F8D-E656-49CA-8292-7838B0D5FCED}.Release|Any CPU.ActiveCfg = Release|x86
		{33A69F8D-E656-49CA-8292-7838B0D5FCED}.Release|Mixed Platforms.ActiveCfg = Release|x86
		{33A69F8D-E656-49CA-8292-7838B0D5FCED}.Release|Mixed Platforms.Build.0 = Release|x86
		{33A69F8D-E656-49CA-8292-7838B0D5FCED}.Release|x86.ActiveCfg = Release|x86
		{33A69F8D-E656-49CA-8292-7838B0D5FCED}.Release|x86.Build.0 = Release|x86
		{19366E4F-52B9-4DFE-8EF5-CFC283E50BA1}.Debug|Any CPU.ActiveCfg = Debug|Any CPU
		{19366E4F-52B9-4DFE-8EF5-CFC283E50BA1}.Debug|Any CPU.Build.0 = Debug|Any CPU
		{19366E4F-52B9-4DFE-8EF5-CFC283E50BA1}.Debug|Mixed Platforms.ActiveCfg = Debug|Any CPU
		{19366E4F-52B9-4DFE-8EF5-CFC283E50BA1}.Debug|Mixed Platforms.Build.0 = Debug|Any CPU
		{19366E4F-52B9-4DFE-8EF5-CFC283E50BA1}.Debug|x86.ActiveCfg = Debug|Any CPU
		{19366E4F-52B9-4DFE-8EF5-CFC283E50BA1}.Release|Any CPU.ActiveCfg = Release|Any CPU
		{19366E4F-52B9-4DFE-8EF5-CFC283E50BA1}.Release|Any CPU.Build.0 = Release|Any CPU
		{19366E4F-52B9-4DFE-8EF5-CFC283E50BA1}.Release|Mixed Platforms.ActiveCfg = Release|Any CPU
		{19366E4F-52B9-4DFE-8EF5-CFC283E50BA1}.Release|Mixed Platforms.Build.0 = Release|Any CPU
		{19366E4F-52B9-4DFE-8EF5-CFC283E50BA1}.Release|x86.ActiveCfg = Release|Any CPU
		{C2386AA8-A420-4376-8D35-93CBAD6E121D}.Debug|Any CPU.ActiveCfg = Debug|x86
		{C2386AA8-A420-4376-8D35-93CBAD6E121D}.Debug|Mixed Platforms.ActiveCfg = Debug|x86
		{C2386AA8-A420-4376-8D35-93CBAD6E121D}.Debug|Mixed Platforms.Build.0 = Debug|x86
		{C2386AA8-A420-4376-8D35-93CBAD6E121D}.Debug|x86.ActiveCfg = Debug|x86
		{C2386AA8-A420-4376-8D35-93CBAD6E121D}.Debug|x86.Build.0 = Debug|x86
		{C2386AA8-A420-4376-8D35-93CBAD6E121D}.Release|Any CPU.ActiveCfg = Release|x86
		{C2386AA8-A420-4376-8D35-93CBAD6E121D}.Release|Mixed Platforms.ActiveCfg = Release|x86
		{C2386AA8-A420-4376-8D35-93CBAD6E121D}.Release|Mixed Platforms.Build.0 = Release|x86
		{C2386AA8-A420-4376-8D35-93CBAD6E121D}.Release|x86.ActiveCfg = Release|x86
		{C2386AA8-A420-4376-8D35-93CBAD6E121D}.Release|x86.Build.0 = Release|x86
		{7C95E725-95CF-4F17-81CF-0CC3543B8A84}.Debug|Any CPU.ActiveCfg = Debug|x86
		{7C95E725-95CF-4F17-81CF-0CC3543B8A84}.Debug|Mixed Platforms.ActiveCfg = Debug|x86
		{7C95E725-95CF-4F17-81CF-0CC3543B8A84}.Debug|Mixed Platforms.Build.0 = Debug|x86
		{7C95E725-95CF-4F17-81CF-0CC3543B8A84}.Debug|x86.ActiveCfg = Debug|x86
		{7C95E725-95CF-4F17-81CF-0CC3543B8A84}.Debug|x86.Build.0 = Debug|x86
		{7C95E725-95CF-4F17-81CF-0CC3543B8A84}.Release|Any CPU.ActiveCfg = Release|x86
		{7C95E725-95CF-4F17-81CF-0CC3543B8A84}.Release|Mixed Platforms.ActiveCfg = Release|x86
		{7C95E725-95CF-4F17-81CF-0CC3543B8A84}.Release|Mixed Platforms.Build.0 = Release|x86
		{7C95E725-95CF-4F17-81CF-0CC3543B8A84}.Release|x86.ActiveCfg = Release|x86
		{7C95E725-95CF-4F17-81CF-0CC3543B8A84}.Release|x86.Build.0 = Release|x86
	EndGlobalSection
	GlobalSection(SolutionProperties) = preSolution
		HideSolutionNode = FALSE
	EndGlobalSection
	GlobalSection(NestedProjects) = preSolution
		{12E0DF11-6589-4DFA-8596-62B1717D4197} = {3A67CCCC-2691-4028-A30E-90601F934FCC}
		{3DDF37AB-131D-4C5D-BE3A-E92E7160DAF8} = {3A67CCCC-2691-4028-A30E-90601F934FCC}
		{33A69F8D-E656-49CA-8292-7838B0D5FCED} = {3A67CCCC-2691-4028-A30E-90601F934FCC}
		{7C95E725-95CF-4F17-81CF-0CC3543B8A84} = {3A67CCCC-2691-4028-A30E-90601F934FCC}
		{19366E4F-52B9-4DFE-8EF5-CFC283E50BA1} = {430383C4-1D22-4936-AE9F-C9C561E03A1D}
	EndGlobalSection
EndGlobal
