
Microsoft Visual Studio Solution File, Format Version 11.00
# Visual Studio 2010
Project("{2150E333-8FDC-42A3-9474-1A3956D46DE8}") = "Pipeline", "Pipeline", "{3A67CCCC-2691-4028-A30E-90601F934FCC}"
EndProject
Project("{FAE04EC0-301F-11D3-BF4B-00C04F79EFBC}") = "BuildNGram", "Pipeline\BuildNGram\BuildNGram.csproj", "{12E0DF11-6589-4DFA-8596-62B1717D4197}"
EndProject
Project("{FAE04EC0-301F-11D3-BF4B-00C04F79EFBC}") = "BuildQueryTermWeightCorpus", "Pipeline\BuildQueryTermWeightCorpus\BuildQueryTermWeightCorpus.csproj", "{3DDF37AB-131D-4C5D-BE3A-E92E7160DAF8}"
EndProject
Project("{FAE04EC0-301F-11D3-BF4B-00C04F79EFBC}") = "StatTermWeightInQuery", "Pipeline\StatTermWeightInQuery\StatTermWeightInQuery.csproj", "{33A69F8D-E656-49CA-8292-7838B0D5FCED}"
EndProject
Project("{2150E333-8FDC-42A3-9474-1A3956D46DE8}") = "Core", "Core", "{430383C4-1D22-4936-AE9F-C9C561E03A1D}"
EndProject
Project("{FAE04EC0-301F-11D3-BF4B-00C04F79EFBC}") = "QueryTermWeightAnalyzer", "Core\QueryTermWeightAnalyzer\QueryTermWeightAnalyzer.csproj", "{19366E4F-52B9-4DFE-8EF5-CFC283E50BA1}"
EndProject
Project("{FAE04EC0-301F-11D3-BF4B-00C04F79EFBC}") = "QueryTermWeightAnalyzerConsole", "QueryTermWeightAnalyzerConsole\QueryTermWeightAnalyzerConsole.csproj", "{C2386AA8-A420-4376-8D35-93CBAD6E121D}"
EndProject
Project("{FAE04EC0-301F-11D3-BF4B-00C04F79EFBC}") = "ClusterUrl", "Pipeline\ClusterUrl\ClusterUrl.csproj", "{43F564DF-5886-4F6F-9273-30F9A667B177}"
EndProject
Project("{FAE04EC0-301F-11D3-BF4B-00C04F79EFBC}") = "MergeTrainCorpus", "Pipeline\MergeTrainCorpus\MergeTrainCorpus.csproj", "{A966CABC-E4AA-46F5-8C25-3CE509D1FEC6}"
EndProject
Project("{FAE04EC0-301F-11D3-BF4B-00C04F79EFBC}") = "QueryTermSynAnalyzerConsole", "QueryTermSynAnalyzerConsole\QueryTermSynAnalyzerConsole.csproj", "{9CAE0C17-85FA-44A9-88C8-C990CE70C22F}"
EndProject
Project("{FAE04EC0-301F-11D3-BF4B-00C04F79EFBC}") = "QueryTermSynonymAnalyzer", "Core\QueryTermSynonymAnalyzer\QueryTermSynonymAnalyzer.csproj", "{D1DEBE37-7A4F-4EBE-84C9-686946EDB372}"
EndProject
Project("{FAE04EC0-301F-11D3-BF4B-00C04F79EFBC}") = "GenerateTermSynPattern", "Pipeline\GenerateTermSynPattern\GenerateTermSynPattern.csproj", "{7497A039-1A23-4E30-8BEA-4476FA008394}"
EndProject
Project("{FAE04EC0-301F-11D3-BF4B-00C04F79EFBC}") = "RefineRank_0_Tag", "Pipeline\RefineRank_0_Tag\RefineRank_0_Tag.csproj", "{C4391C6E-8F6B-483A-8EC4-5D8E62C3BC7D}"
EndProject
Project("{2150E333-8FDC-42A3-9474-1A3956D46DE8}") = "QueryTermWeight", "QueryTermWeight", "{F58760B4-27B6-490A-AAA2-95BFD7D1449A}"
EndProject
Project("{2150E333-8FDC-42A3-9474-1A3956D46DE8}") = "QueryTermSynonym", "QueryTermSynonym", "{94B708D3-F3E3-41C3-88DB-63EAD0C3E308}"
EndProject
Project("{FAE04EC0-301F-11D3-BF4B-00C04F79EFBC}") = "ConvertTermWeightRankToOrder", "Pipeline\ConvertTermWeightRankToOrder\ConvertTermWeightRankToOrder.csproj", "{EA8FB472-ED86-4674-887D-BE67F02E4785}"
EndProject
Global
	GlobalSection(SolutionConfigurationPlatforms) = preSolution
		Debug|Any CPU = Debug|Any CPU
		Debug|Mixed Platforms = Debug|Mixed Platforms
		Debug|x86 = Debug|x86
		Release|Any CPU = Release|Any CPU
		Release|Mixed Platforms = Release|Mixed Platforms
		Release|x86 = Release|x86
	EndGlobalSection
	GlobalSection(ProjectConfigurationPlatforms) = postSolution
		{12E0DF11-6589-4DFA-8596-62B1717D4197}.Debug|Any CPU.ActiveCfg = Debug|x86
		{12E0DF11-6589-4DFA-8596-62B1717D4197}.Debug|Mixed Platforms.ActiveCfg = Debug|x86
		{12E0DF11-6589-4DFA-8596-62B1717D4197}.Debug|Mixed Platforms.Build.0 = Debug|x86
		{12E0DF11-6589-4DFA-8596-62B1717D4197}.Debug|x86.ActiveCfg = Debug|x86
		{12E0DF11-6589-4DFA-8596-62B1717D4197}.Debug|x86.Build.0 = Debug|x86
		{12E0DF11-6589-4DFA-8596-62B1717D4197}.Release|Any CPU.ActiveCfg = Release|x86
		{12E0DF11-6589-4DFA-8596-62B1717D4197}.Release|Mixed Platforms.ActiveCfg = Release|x86
		{12E0DF11-6589-4DFA-8596-62B1717D4197}.Release|Mixed Platforms.Build.0 = Release|x86
		{12E0DF11-6589-4DFA-8596-62B1717D4197}.Release|x86.ActiveCfg = Release|x86
		{12E0DF11-6589-4DFA-8596-62B1717D4197}.Release|x86.Build.0 = Release|x86
		{3DDF37AB-131D-4C5D-BE3A-E92E7160DAF8}.Debug|Any CPU.ActiveCfg = Debug|x86
		{3DDF37AB-131D-4C5D-BE3A-E92E7160DAF8}.Debug|Mixed Platforms.ActiveCfg = Debug|x86
		{3DDF37AB-131D-4C5D-BE3A-E92E7160DAF8}.Debug|Mixed Platforms.Build.0 = Debug|x86
		{3DDF37AB-131D-4C5D-BE3A-E92E7160DAF8}.Debug|x86.ActiveCfg = Debug|x86
		{3DDF37AB-131D-4C5D-BE3A-E92E7160DAF8}.Debug|x86.Build.0 = Debug|x86
		{3DDF37AB-131D-4C5D-BE3A-E92E7160DAF8}.Release|Any CPU.ActiveCfg = Release|x86
		{3DDF37AB-131D-4C5D-BE3A-E92E7160DAF8}.Release|Mixed Platforms.ActiveCfg = Release|x86
		{3DDF37AB-131D-4C5D-BE3A-E92E7160DAF8}.Release|Mixed Platforms.Build.0 = Release|x86
		{3DDF37AB-131D-4C5D-BE3A-E92E7160DAF8}.Release|x86.ActiveCfg = Release|x86
		{3DDF37AB-131D-4C5D-BE3A-E92E7160DAF8}.Release|x86.Build.0 = Release|x86
		{33A69F8D-E656-49CA-8292-7838B0D5FCED}.Debug|Any CPU.ActiveCfg = Debug|x86
		{33A69F8D-E656-49CA-8292-7838B0D5FCED}.Debug|Mixed Platforms.ActiveCfg = Debug|x86
		{33A69F8D-E656-49CA-8292-7838B0D5FCED}.Debug|Mixed Platforms.Build.0 = Debug|x86
		{33A69F8D-E656-49CA-8292-7838B0D5FCED}.Debug|x86.ActiveCfg = Debug|x86
		{33A69F8D-E656-49CA-8292-7838B0D5FCED}.Debug|x86.Build.0 = Debug|x86
		{33A69F8D-E656-49CA-8292-7838B0D5FCED}.Release|Any CPU.ActiveCfg = Release|x86
		{33A69F8D-E656-49CA-8292-7838B0D5FCED}.Release|Mixed Platforms.ActiveCfg = Release|x86
		{33A69F8D-E656-49CA-8292-7838B0D5FCED}.Release|Mixed Platforms.Build.0 = Release|x86
		{33A69F8D-E656-49CA-8292-7838B0D5FCED}.Release|x86.ActiveCfg = Release|x86
		{33A69F8D-E656-49CA-8292-7838B0D5FCED}.Release|x86.Build.0 = Release|x86
		{19366E4F-52B9-4DFE-8EF5-CFC283E50BA1}.Debug|Any CPU.ActiveCfg = Debug|Any CPU
		{19366E4F-52B9-4DFE-8EF5-CFC283E50BA1}.Debug|Any CPU.Build.0 = Debug|Any CPU
		{19366E4F-52B9-4DFE-8EF5-CFC283E50BA1}.Debug|Mixed Platforms.ActiveCfg = Debug|Any CPU
		{19366E4F-52B9-4DFE-8EF5-CFC283E50BA1}.Debug|Mixed Platforms.Build.0 = Debug|Any CPU
		{19366E4F-52B9-4DFE-8EF5-CFC283E50BA1}.Debug|x86.ActiveCfg = Debug|Any CPU
		{19366E4F-52B9-4DFE-8EF5-CFC283E50BA1}.Release|Any CPU.ActiveCfg = Release|Any CPU
		{19366E4F-52B9-4DFE-8EF5-CFC283E50BA1}.Release|Any CPU.Build.0 = Release|Any CPU
		{19366E4F-52B9-4DFE-8EF5-CFC283E50BA1}.Release|Mixed Platforms.ActiveCfg = Release|Any CPU
		{19366E4F-52B9-4DFE-8EF5-CFC283E50BA1}.Release|Mixed Platforms.Build.0 = Release|Any CPU
		{19366E4F-52B9-4DFE-8EF5-CFC283E50BA1}.Release|x86.ActiveCfg = Release|Any CPU
		{C2386AA8-A420-4376-8D35-93CBAD6E121D}.Debug|Any CPU.ActiveCfg = Debug|x86
		{C2386AA8-A420-4376-8D35-93CBAD6E121D}.Debug|Mixed Platforms.ActiveCfg = Debug|x86
		{C2386AA8-A420-4376-8D35-93CBAD6E121D}.Debug|Mixed Platforms.Build.0 = Debug|x86
		{C2386AA8-A420-4376-8D35-93CBAD6E121D}.Debug|x86.ActiveCfg = Debug|x86
		{C2386AA8-A420-4376-8D35-93CBAD6E121D}.Debug|x86.Build.0 = Debug|x86
		{C2386AA8-A420-4376-8D35-93CBAD6E121D}.Release|Any CPU.ActiveCfg = Release|x86
		{C2386AA8-A420-4376-8D35-93CBAD6E121D}.Release|Mixed Platforms.ActiveCfg = Release|x86
		{C2386AA8-A420-4376-8D35-93CBAD6E121D}.Release|Mixed Platforms.Build.0 = Release|x86
		{C2386AA8-A420-4376-8D35-93CBAD6E121D}.Release|x86.ActiveCfg = Release|x86
		{C2386AA8-A420-4376-8D35-93CBAD6E121D}.Release|x86.Build.0 = Release|x86
		{43F564DF-5886-4F6F-9273-30F9A667B177}.Debug|Any CPU.ActiveCfg = Debug|x86
		{43F564DF-5886-4F6F-9273-30F9A667B177}.Debug|Mixed Platforms.ActiveCfg = Debug|x86
		{43F564DF-5886-4F6F-9273-30F9A667B177}.Debug|Mixed Platforms.Build.0 = Debug|x86
		{43F564DF-5886-4F6F-9273-30F9A667B177}.Debug|x86.ActiveCfg = Debug|x86
		{43F564DF-5886-4F6F-9273-30F9A667B177}.Debug|x86.Build.0 = Debug|x86
		{43F564DF-5886-4F6F-9273-30F9A667B177}.Release|Any CPU.ActiveCfg = Release|x86
		{43F564DF-5886-4F6F-9273-30F9A667B177}.Release|Mixed Platforms.ActiveCfg = Release|x86
		{43F564DF-5886-4F6F-9273-30F9A667B177}.Release|Mixed Platforms.Build.0 = Release|x86
		{43F564DF-5886-4F6F-9273-30F9A667B177}.Release|x86.ActiveCfg = Release|x86
		{43F564DF-5886-4F6F-9273-30F9A667B177}.Release|x86.Build.0 = Release|x86
		{A966CABC-E4AA-46F5-8C25-3CE509D1FEC6}.Debug|Any CPU.ActiveCfg = Debug|x86
		{A966CABC-E4AA-46F5-8C25-3CE509D1FEC6}.Debug|Mixed Platforms.ActiveCfg = Debug|x86
		{A966CABC-E4AA-46F5-8C25-3CE509D1FEC6}.Debug|Mixed Platforms.Build.0 = Debug|x86
		{A966CABC-E4AA-46F5-8C25-3CE509D1FEC6}.Debug|x86.ActiveCfg = Debug|x86
		{A966CABC-E4AA-46F5-8C25-3CE509D1FEC6}.Debug|x86.Build.0 = Debug|x86
		{A966CABC-E4AA-46F5-8C25-3CE509D1FEC6}.Release|Any CPU.ActiveCfg = Release|x86
		{A966CABC-E4AA-46F5-8C25-3CE509D1FEC6}.Release|Mixed Platforms.ActiveCfg = Release|x86
		{A966CABC-E4AA-46F5-8C25-3CE509D1FEC6}.Release|Mixed Platforms.Build.0 = Release|x86
		{A966CABC-E4AA-46F5-8C25-3CE509D1FEC6}.Release|x86.ActiveCfg = Release|x86
		{A966CABC-E4AA-46F5-8C25-3CE509D1FEC6}.Release|x86.Build.0 = Release|x86
		{9CAE0C17-85FA-44A9-88C8-C990CE70C22F}.Debug|Any CPU.ActiveCfg = Debug|x86
		{9CAE0C17-85FA-44A9-88C8-C990CE70C22F}.Debug|Mixed Platforms.ActiveCfg = Debug|x86
		{9CAE0C17-85FA-44A9-88C8-C990CE70C22F}.Debug|Mixed Platforms.Build.0 = Debug|x86
		{9CAE0C17-85FA-44A9-88C8-C990CE70C22F}.Debug|x86.ActiveCfg = Debug|x86
		{9CAE0C17-85FA-44A9-88C8-C990CE70C22F}.Debug|x86.Build.0 = Debug|x86
		{9CAE0C17-85FA-44A9-88C8-C990CE70C22F}.Release|Any CPU.ActiveCfg = Release|x86
		{9CAE0C17-85FA-44A9-88C8-C990CE70C22F}.Release|Mixed Platforms.ActiveCfg = Release|x86
		{9CAE0C17-85FA-44A9-88C8-C990CE70C22F}.Release|Mixed Platforms.Build.0 = Release|x86
		{9CAE0C17-85FA-44A9-88C8-C990CE70C22F}.Release|x86.ActiveCfg = Release|x86
		{9CAE0C17-85FA-44A9-88C8-C990CE70C22F}.Release|x86.Build.0 = Release|x86
		{D1DEBE37-7A4F-4EBE-84C9-686946EDB372}.Debug|Any CPU.ActiveCfg = Debug|Any CPU
		{D1DEBE37-7A4F-4EBE-84C9-686946EDB372}.Debug|Any CPU.Build.0 = Debug|Any CPU
		{D1DEBE37-7A4F-4EBE-84C9-686946EDB372}.Debug|Mixed Platforms.ActiveCfg = Debug|Any CPU
		{D1DEBE37-7A4F-4EBE-84C9-686946EDB372}.Debug|Mixed Platforms.Build.0 = Debug|Any CPU
		{D1DEBE37-7A4F-4EBE-84C9-686946EDB372}.Debug|x86.ActiveCfg = Debug|Any CPU
		{D1DEBE37-7A4F-4EBE-84C9-686946EDB372}.Release|Any CPU.ActiveCfg = Release|Any CPU
		{D1DEBE37-7A4F-4EBE-84C9-686946EDB372}.Release|Any CPU.Build.0 = Release|Any CPU
		{D1DEBE37-7A4F-4EBE-84C9-686946EDB372}.Release|Mixed Platforms.ActiveCfg = Release|Any CPU
		{D1DEBE37-7A4F-4EBE-84C9-686946EDB372}.Release|Mixed Platforms.Build.0 = Release|Any CPU
		{D1DEBE37-7A4F-4EBE-84C9-686946EDB372}.Release|x86.ActiveCfg = Release|Any CPU
		{7497A039-1A23-4E30-8BEA-4476FA008394}.Debug|Any CPU.ActiveCfg = Debug|x86
		{7497A039-1A23-4E30-8BEA-4476FA008394}.Debug|Mixed Platforms.ActiveCfg = Debug|x86
		{7497A039-1A23-4E30-8BEA-4476FA008394}.Debug|Mixed Platforms.Build.0 = Debug|x86
		{7497A039-1A23-4E30-8BEA-4476FA008394}.Debug|x86.ActiveCfg = Debug|x86
		{7497A039-1A23-4E30-8BEA-4476FA008394}.Debug|x86.Build.0 = Debug|x86
		{7497A039-1A23-4E30-8BEA-4476FA008394}.Release|Any CPU.ActiveCfg = Release|x86
		{7497A039-1A23-4E30-8BEA-4476FA008394}.Release|Mixed Platforms.ActiveCfg = Release|x86
		{7497A039-1A23-4E30-8BEA-4476FA008394}.Release|Mixed Platforms.Build.0 = Release|x86
		{7497A039-1A23-4E30-8BEA-4476FA008394}.Release|x86.ActiveCfg = Release|x86
		{7497A039-1A23-4E30-8BEA-4476FA008394}.Release|x86.Build.0 = Release|x86
		{C4391C6E-8F6B-483A-8EC4-5D8E62C3BC7D}.Debug|Any CPU.ActiveCfg = Debug|x86
		{C4391C6E-8F6B-483A-8EC4-5D8E62C3BC7D}.Debug|Mixed Platforms.ActiveCfg = Debug|x86
		{C4391C6E-8F6B-483A-8EC4-5D8E62C3BC7D}.Debug|Mixed Platforms.Build.0 = Debug|x86
		{C4391C6E-8F6B-483A-8EC4-5D8E62C3BC7D}.Debug|x86.ActiveCfg = Debug|x86
		{C4391C6E-8F6B-483A-8EC4-5D8E62C3BC7D}.Debug|x86.Build.0 = Debug|x86
		{C4391C6E-8F6B-483A-8EC4-5D8E62C3BC7D}.Release|Any CPU.ActiveCfg = Release|x86
		{C4391C6E-8F6B-483A-8EC4-5D8E62C3BC7D}.Release|Mixed Platforms.ActiveCfg = Release|x86
		{C4391C6E-8F6B-483A-8EC4-5D8E62C3BC7D}.Release|Mixed Platforms.Build.0 = Release|x86
		{C4391C6E-8F6B-483A-8EC4-5D8E62C3BC7D}.Release|x86.ActiveCfg = Release|x86
		{C4391C6E-8F6B-483A-8EC4-5D8E62C3BC7D}.Release|x86.Build.0 = Release|x86
		{EA8FB472-ED86-4674-887D-BE67F02E4785}.Debug|Any CPU.ActiveCfg = Debug|x86
		{EA8FB472-ED86-4674-887D-BE67F02E4785}.Debug|Mixed Platforms.ActiveCfg = Debug|x86
		{EA8FB472-ED86-4674-887D-BE67F02E4785}.Debug|Mixed Platforms.Build.0 = Debug|x86
		{EA8FB472-ED86-4674-887D-BE67F02E4785}.Debug|x86.ActiveCfg = Debug|x86
		{EA8FB472-ED86-4674-887D-BE67F02E4785}.Debug|x86.Build.0 = Debug|x86
		{EA8FB472-ED86-4674-887D-BE67F02E4785}.Release|Any CPU.ActiveCfg = Release|x86
		{EA8FB472-ED86-4674-887D-BE67F02E4785}.Release|Mixed Platforms.ActiveCfg = Release|x86
		{EA8FB472-ED86-4674-887D-BE67F02E4785}.Release|Mixed Platforms.Build.0 = Release|x86
		{EA8FB472-ED86-4674-887D-BE67F02E4785}.Release|x86.ActiveCfg = Release|x86
		{EA8FB472-ED86-4674-887D-BE67F02E4785}.Release|x86.Build.0 = Release|x86
	EndGlobalSection
	GlobalSection(SolutionProperties) = preSolution
		HideSolutionNode = FALSE
	EndGlobalSection
	GlobalSection(NestedProjects) = preSolution
		{12E0DF11-6589-4DFA-8596-62B1717D4197} = {3A67CCCC-2691-4028-A30E-90601F934FCC}
		{43F564DF-5886-4F6F-9273-30F9A667B177} = {3A67CCCC-2691-4028-A30E-90601F934FCC}
		{F58760B4-27B6-490A-AAA2-95BFD7D1449A} = {3A67CCCC-2691-4028-A30E-90601F934FCC}
		{94B708D3-F3E3-41C3-88DB-63EAD0C3E308} = {3A67CCCC-2691-4028-A30E-90601F934FCC}
		{19366E4F-52B9-4DFE-8EF5-CFC283E50BA1} = {430383C4-1D22-4936-AE9F-C9C561E03A1D}
		{D1DEBE37-7A4F-4EBE-84C9-686946EDB372} = {430383C4-1D22-4936-AE9F-C9C561E03A1D}
		{3DDF37AB-131D-4C5D-BE3A-E92E7160DAF8} = {F58760B4-27B6-490A-AAA2-95BFD7D1449A}
		{33A69F8D-E656-49CA-8292-7838B0D5FCED} = {F58760B4-27B6-490A-AAA2-95BFD7D1449A}
		{C4391C6E-8F6B-483A-8EC4-5D8E62C3BC7D} = {F58760B4-27B6-490A-AAA2-95BFD7D1449A}
		{A966CABC-E4AA-46F5-8C25-3CE509D1FEC6} = {F58760B4-27B6-490A-AAA2-95BFD7D1449A}
		{EA8FB472-ED86-4674-887D-BE67F02E4785} = {F58760B4-27B6-490A-AAA2-95BFD7D1449A}
		{7497A039-1A23-4E30-8BEA-4476FA008394} = {94B708D3-F3E3-41C3-88DB-63EAD0C3E308}
	EndGlobalSection
EndGlobal
